
Microsoft Visual Studio Solution File, Format Version 12.00
# Visual Studio 14
VisualStudioVersion = 14.0.25420.1
MinimumVisualStudioVersion = 10.0.40219.1
Project("{FAE04EC0-301F-11D3-BF4B-00C04F79EFBC}") = "DataWebDownload", "DataWebDownload\DataWebDownload.csproj", "{D0E0FF0D-6E86-440D-AC85-BD69E98326CC}"
EndProject
Project("{2150E333-8FDC-42A3-9474-1A3956D46DE8}") = "Solution Items", "Solution Items", "{F40F5933-EDF2-40E7-9485-6D51D18D4B93}"
	ProjectSection(SolutionItems) = preProject
		readme.md = readme.md
	EndProjectSection
EndProject
Global
	GlobalSection(SolutionConfigurationPlatforms) = preSolution
		Debug|Any CPU = Debug|Any CPU
		Release|Any CPU = Release|Any CPU
	EndGlobalSection
	GlobalSection(ProjectConfigurationPlatforms) = postSolution
		{D0E0FF0D-6E86-440D-AC85-BD69E98326CC}.Debug|Any CPU.ActiveCfg = Debug|Any CPU
		{D0E0FF0D-6E86-440D-AC85-BD69E98326CC}.Debug|Any CPU.Build.0 = Debug|Any CPU
		{D0E0FF0D-6E86-440D-AC85-BD69E98326CC}.Release|Any CPU.ActiveCfg = Release|Any CPU
		{D0E0FF0D-6E86-440D-AC85-BD69E98326CC}.Release|Any CPU.Build.0 = Release|Any CPU
	EndGlobalSection
	GlobalSection(SolutionProperties) = preSolution
		HideSolutionNode = FALSE
	EndGlobalSection
EndGlobal
